
Microsoft Visual Studio Solution File, Format Version 12.00
# Visual Studio Version 17
VisualStudioVersion = 17.8.34525.116
MinimumVisualStudioVersion = 10.0.40219.1
Project("{9A19103F-16F7-4668-BE54-9A1E7A4F7556}") = "ContentRatingAPI", "src\ContentRatingAPI\ContentRatingAPI.csproj", "{C21CAEE1-2BA7-4D26-ABF1-785F2DC0779E}"
EndProject
Project("{FAE04EC0-301F-11D3-BF4B-00C04F79EFBC}") = "ContentRating.Domain", "src\ContentRating.Domain\ContentRating.Domain.csproj", "{D8340293-060F-4B69-BEF1-74679ED10133}"
EndProject
Project("{2150E333-8FDC-42A3-9474-1A3956D46DE8}") = "src", "src", "{C4607094-550F-490D-A8A8-E14DECD78004}"
EndProject
Global
	GlobalSection(SolutionConfigurationPlatforms) = preSolution
		Debug|Any CPU = Debug|Any CPU
		Release|Any CPU = Release|Any CPU
	EndGlobalSection
	GlobalSection(ProjectConfigurationPlatforms) = postSolution
		{C21CAEE1-2BA7-4D26-ABF1-785F2DC0779E}.Debug|Any CPU.ActiveCfg = Debug|Any CPU
		{C21CAEE1-2BA7-4D26-ABF1-785F2DC0779E}.Debug|Any CPU.Build.0 = Debug|Any CPU
		{C21CAEE1-2BA7-4D26-ABF1-785F2DC0779E}.Release|Any CPU.ActiveCfg = Release|Any CPU
		{C21CAEE1-2BA7-4D26-ABF1-785F2DC0779E}.Release|Any CPU.Build.0 = Release|Any CPU
		{D8340293-060F-4B69-BEF1-74679ED10133}.Debug|Any CPU.ActiveCfg = Debug|Any CPU
		{D8340293-060F-4B69-BEF1-74679ED10133}.Debug|Any CPU.Build.0 = Debug|Any CPU
		{D8340293-060F-4B69-BEF1-74679ED10133}.Release|Any CPU.ActiveCfg = Release|Any CPU
		{D8340293-060F-4B69-BEF1-74679ED10133}.Release|Any CPU.Build.0 = Release|Any CPU
	EndGlobalSection
	GlobalSection(SolutionProperties) = preSolution
		HideSolutionNode = FALSE
	EndGlobalSection
	GlobalSection(NestedProjects) = preSolution
		{C21CAEE1-2BA7-4D26-ABF1-785F2DC0779E} = {C4607094-550F-490D-A8A8-E14DECD78004}
		{D8340293-060F-4B69-BEF1-74679ED10133} = {C4607094-550F-490D-A8A8-E14DECD78004}
	EndGlobalSection
	GlobalSection(ExtensibilityGlobals) = postSolution
		SolutionGuid = {0CF77FF9-BB17-48EA-B2A2-A0324BA7999C}
	EndGlobalSection
EndGlobal
